// !$*UTF8*$!
{
	archiveVersion = 1;
	classes = {
	};
	objectVersion = 56;
	objects = {

/* Begin PBXBuildFile section */
		1AC683DC2A205D6500BA1D40 /* AppDelegate.swift in Sources */ = {isa = PBXBuildFile; fileRef = 1AC683DB2A205D6500BA1D40 /* AppDelegate.swift */; };
		1AC683DE2A205D6500BA1D40 /* SceneDelegate.swift in Sources */ = {isa = PBXBuildFile; fileRef = 1AC683DD2A205D6500BA1D40 /* SceneDelegate.swift */; };
		1AC683E02A205D6500BA1D40 /* MainViewController.swift in Sources */ = {isa = PBXBuildFile; fileRef = 1AC683DF2A205D6500BA1D40 /* MainViewController.swift */; };
		1AC683E52A205D6A00BA1D40 /* Assets.xcassets in Resources */ = {isa = PBXBuildFile; fileRef = 1AC683E42A205D6A00BA1D40 /* Assets.xcassets */; };
		1AC683E82A205D6A00BA1D40 /* LaunchScreen.storyboard in Resources */ = {isa = PBXBuildFile; fileRef = 1AC683E62A205D6A00BA1D40 /* LaunchScreen.storyboard */; };
		1AC683F32A205D6A00BA1D40 /* GitHubRepo_Combine_UIKitTests.swift in Sources */ = {isa = PBXBuildFile; fileRef = 1AC683F22A205D6A00BA1D40 /* GitHubRepo_Combine_UIKitTests.swift */; };
		1AC683FD2A205D6A00BA1D40 /* GitHubRepo_Combine_UIKitUITests.swift in Sources */ = {isa = PBXBuildFile; fileRef = 1AC683FC2A205D6A00BA1D40 /* GitHubRepo_Combine_UIKitUITests.swift */; };
		1AC683FF2A205D6A00BA1D40 /* GitHubRepo_Combine_UIKitUITestsLaunchTests.swift in Sources */ = {isa = PBXBuildFile; fileRef = 1AC683FE2A205D6A00BA1D40 /* GitHubRepo_Combine_UIKitUITestsLaunchTests.swift */; };
		1AC6840D2A20828D00BA1D40 /* SnapKit in Frameworks */ = {isa = PBXBuildFile; productRef = 1AC6840C2A20828D00BA1D40 /* SnapKit */; };
		1AC684112A2085BA00BA1D40 /* RepositoryCell.swift in Sources */ = {isa = PBXBuildFile; fileRef = 1AC684102A2085BA00BA1D40 /* RepositoryCell.swift */; };
/* End PBXBuildFile section */

/* Begin PBXContainerItemProxy section */
		1AC683EF2A205D6A00BA1D40 /* PBXContainerItemProxy */ = {
			isa = PBXContainerItemProxy;
			containerPortal = 1AC683D02A205D6500BA1D40 /* Project object */;
			proxyType = 1;
			remoteGlobalIDString = 1AC683D72A205D6500BA1D40;
			remoteInfo = "GitHubRepo-Combine-UIKit";
		};
		1AC683F92A205D6A00BA1D40 /* PBXContainerItemProxy */ = {
			isa = PBXContainerItemProxy;
			containerPortal = 1AC683D02A205D6500BA1D40 /* Project object */;
			proxyType = 1;
			remoteGlobalIDString = 1AC683D72A205D6500BA1D40;
			remoteInfo = "GitHubRepo-Combine-UIKit";
		};
/* End PBXContainerItemProxy section */

/* Begin PBXFileReference section */
		1AC683D82A205D6500BA1D40 /* GitHubRepo-Combine-UIKit.app */ = {isa = PBXFileReference; explicitFileType = wrapper.application; includeInIndex = 0; path = "GitHubRepo-Combine-UIKit.app"; sourceTree = BUILT_PRODUCTS_DIR; };
		1AC683DB2A205D6500BA1D40 /* AppDelegate.swift */ = {isa = PBXFileReference; lastKnownFileType = sourcecode.swift; path = AppDelegate.swift; sourceTree = "<group>"; };
		1AC683DD2A205D6500BA1D40 /* SceneDelegate.swift */ = {isa = PBXFileReference; lastKnownFileType = sourcecode.swift; path = SceneDelegate.swift; sourceTree = "<group>"; };
		1AC683DF2A205D6500BA1D40 /* MainViewController.swift */ = {isa = PBXFileReference; lastKnownFileType = sourcecode.swift; path = MainViewController.swift; sourceTree = "<group>"; };
		1AC683E42A205D6A00BA1D40 /* Assets.xcassets */ = {isa = PBXFileReference; lastKnownFileType = folder.assetcatalog; path = Assets.xcassets; sourceTree = "<group>"; };
		1AC683E72A205D6A00BA1D40 /* Base */ = {isa = PBXFileReference; lastKnownFileType = file.storyboard; name = Base; path = Base.lproj/LaunchScreen.storyboard; sourceTree = "<group>"; };
		1AC683E92A205D6A00BA1D40 /* Info.plist */ = {isa = PBXFileReference; lastKnownFileType = text.plist.xml; path = Info.plist; sourceTree = "<group>"; };
		1AC683EE2A205D6A00BA1D40 /* GitHubRepo-Combine-UIKitTests.xctest */ = {isa = PBXFileReference; explicitFileType = wrapper.cfbundle; includeInIndex = 0; path = "GitHubRepo-Combine-UIKitTests.xctest"; sourceTree = BUILT_PRODUCTS_DIR; };
		1AC683F22A205D6A00BA1D40 /* GitHubRepo_Combine_UIKitTests.swift */ = {isa = PBXFileReference; lastKnownFileType = sourcecode.swift; path = GitHubRepo_Combine_UIKitTests.swift; sourceTree = "<group>"; };
		1AC683F82A205D6A00BA1D40 /* GitHubRepo-Combine-UIKitUITests.xctest */ = {isa = PBXFileReference; explicitFileType = wrapper.cfbundle; includeInIndex = 0; path = "GitHubRepo-Combine-UIKitUITests.xctest"; sourceTree = BUILT_PRODUCTS_DIR; };
		1AC683FC2A205D6A00BA1D40 /* GitHubRepo_Combine_UIKitUITests.swift */ = {isa = PBXFileReference; lastKnownFileType = sourcecode.swift; path = GitHubRepo_Combine_UIKitUITests.swift; sourceTree = "<group>"; };
		1AC683FE2A205D6A00BA1D40 /* GitHubRepo_Combine_UIKitUITestsLaunchTests.swift */ = {isa = PBXFileReference; lastKnownFileType = sourcecode.swift; path = GitHubRepo_Combine_UIKitUITestsLaunchTests.swift; sourceTree = "<group>"; };
		1AC684102A2085BA00BA1D40 /* RepositoryCell.swift */ = {isa = PBXFileReference; lastKnownFileType = sourcecode.swift; path = RepositoryCell.swift; sourceTree = "<group>"; };
/* End PBXFileReference section */

/* Begin PBXFrameworksBuildPhase section */
		1AC683D52A205D6500BA1D40 /* Frameworks */ = {
			isa = PBXFrameworksBuildPhase;
			buildActionMask = 2147483647;
			files = (
				1AC6840D2A20828D00BA1D40 /* SnapKit in Frameworks */,
			);
			runOnlyForDeploymentPostprocessing = 0;
		};
		1AC683EB2A205D6A00BA1D40 /* Frameworks */ = {
			isa = PBXFrameworksBuildPhase;
			buildActionMask = 2147483647;
			files = (
			);
			runOnlyForDeploymentPostprocessing = 0;
		};
		1AC683F52A205D6A00BA1D40 /* Frameworks */ = {
			isa = PBXFrameworksBuildPhase;
			buildActionMask = 2147483647;
			files = (
			);
			runOnlyForDeploymentPostprocessing = 0;
		};
/* End PBXFrameworksBuildPhase section */

/* Begin PBXGroup section */
		1AC683CF2A205D6500BA1D40 = {
			isa = PBXGroup;
			children = (
				1AC683DA2A205D6500BA1D40 /* GitHubRepo-Combine-UIKit */,
				1AC683F12A205D6A00BA1D40 /* GitHubRepo-Combine-UIKitTests */,
				1AC683FB2A205D6A00BA1D40 /* GitHubRepo-Combine-UIKitUITests */,
				1AC683D92A205D6500BA1D40 /* Products */,
			);
			sourceTree = "<group>";
		};
		1AC683D92A205D6500BA1D40 /* Products */ = {
			isa = PBXGroup;
			children = (
				1AC683D82A205D6500BA1D40 /* GitHubRepo-Combine-UIKit.app */,
				1AC683EE2A205D6A00BA1D40 /* GitHubRepo-Combine-UIKitTests.xctest */,
				1AC683F82A205D6A00BA1D40 /* GitHubRepo-Combine-UIKitUITests.xctest */,
			);
			name = Products;
			sourceTree = "<group>";
		};
		1AC683DA2A205D6500BA1D40 /* GitHubRepo-Combine-UIKit */ = {
			isa = PBXGroup;
			children = (
				1AC6840F2A2085A200BA1D40 /* View */,
				1AC683DB2A205D6500BA1D40 /* AppDelegate.swift */,
				1AC683DD2A205D6500BA1D40 /* SceneDelegate.swift */,
				1AC683E42A205D6A00BA1D40 /* Assets.xcassets */,
				1AC683E62A205D6A00BA1D40 /* LaunchScreen.storyboard */,
				1AC683E92A205D6A00BA1D40 /* Info.plist */,
			);
			path = "GitHubRepo-Combine-UIKit";
			sourceTree = "<group>";
		};
		1AC683F12A205D6A00BA1D40 /* GitHubRepo-Combine-UIKitTests */ = {
			isa = PBXGroup;
			children = (
				1AC683F22A205D6A00BA1D40 /* GitHubRepo_Combine_UIKitTests.swift */,
			);
			path = "GitHubRepo-Combine-UIKitTests";
			sourceTree = "<group>";
		};
		1AC683FB2A205D6A00BA1D40 /* GitHubRepo-Combine-UIKitUITests */ = {
			isa = PBXGroup;
			children = (
				1AC683FC2A205D6A00BA1D40 /* GitHubRepo_Combine_UIKitUITests.swift */,
				1AC683FE2A205D6A00BA1D40 /* GitHubRepo_Combine_UIKitUITestsLaunchTests.swift */,
			);
			path = "GitHubRepo-Combine-UIKitUITests";
			sourceTree = "<group>";
		};
		1AC6840F2A2085A200BA1D40 /* View */ = {
			isa = PBXGroup;
			children = (
				1AC683DF2A205D6500BA1D40 /* MainViewController.swift */,
				1AC684102A2085BA00BA1D40 /* RepositoryCell.swift */,
			);
			path = View;
			sourceTree = "<group>";
		};
/* End PBXGroup section */

/* Begin PBXNativeTarget section */
		1AC683D72A205D6500BA1D40 /* GitHubRepo-Combine-UIKit */ = {
			isa = PBXNativeTarget;
			buildConfigurationList = 1AC684022A205D6A00BA1D40 /* Build configuration list for PBXNativeTarget "GitHubRepo-Combine-UIKit" */;
			buildPhases = (
				1AC683D42A205D6500BA1D40 /* Sources */,
				1AC683D52A205D6500BA1D40 /* Frameworks */,
				1AC683D62A205D6500BA1D40 /* Resources */,
			);
			buildRules = (
			);
			dependencies = (
			);
			name = "GitHubRepo-Combine-UIKit";
			packageProductDependencies = (
				1AC6840C2A20828D00BA1D40 /* SnapKit */,
			);
			productName = "GitHubRepo-Combine-UIKit";
			productReference = 1AC683D82A205D6500BA1D40 /* GitHubRepo-Combine-UIKit.app */;
			productType = "com.apple.product-type.application";
		};
		1AC683ED2A205D6A00BA1D40 /* GitHubRepo-Combine-UIKitTests */ = {
			isa = PBXNativeTarget;
			buildConfigurationList = 1AC684052A205D6A00BA1D40 /* Build configuration list for PBXNativeTarget "GitHubRepo-Combine-UIKitTests" */;
			buildPhases = (
				1AC683EA2A205D6A00BA1D40 /* Sources */,
				1AC683EB2A205D6A00BA1D40 /* Frameworks */,
				1AC683EC2A205D6A00BA1D40 /* Resources */,
			);
			buildRules = (
			);
			dependencies = (
				1AC683F02A205D6A00BA1D40 /* PBXTargetDependency */,
			);
			name = "GitHubRepo-Combine-UIKitTests";
			productName = "GitHubRepo-Combine-UIKitTests";
			productReference = 1AC683EE2A205D6A00BA1D40 /* GitHubRepo-Combine-UIKitTests.xctest */;
			productType = "com.apple.product-type.bundle.unit-test";
		};
		1AC683F72A205D6A00BA1D40 /* GitHubRepo-Combine-UIKitUITests */ = {
			isa = PBXNativeTarget;
			buildConfigurationList = 1AC684082A205D6A00BA1D40 /* Build configuration list for PBXNativeTarget "GitHubRepo-Combine-UIKitUITests" */;
			buildPhases = (
				1AC683F42A205D6A00BA1D40 /* Sources */,
				1AC683F52A205D6A00BA1D40 /* Frameworks */,
				1AC683F62A205D6A00BA1D40 /* Resources */,
			);
			buildRules = (
			);
			dependencies = (
				1AC683FA2A205D6A00BA1D40 /* PBXTargetDependency */,
			);
			name = "GitHubRepo-Combine-UIKitUITests";
			productName = "GitHubRepo-Combine-UIKitUITests";
			productReference = 1AC683F82A205D6A00BA1D40 /* GitHubRepo-Combine-UIKitUITests.xctest */;
			productType = "com.apple.product-type.bundle.ui-testing";
		};
/* End PBXNativeTarget section */

/* Begin PBXProject section */
		1AC683D02A205D6500BA1D40 /* Project object */ = {
			isa = PBXProject;
			attributes = {
				BuildIndependentTargetsInParallel = 1;
				LastSwiftUpdateCheck = 1420;
				LastUpgradeCheck = 1420;
				TargetAttributes = {
					1AC683D72A205D6500BA1D40 = {
						CreatedOnToolsVersion = 14.2;
					};
					1AC683ED2A205D6A00BA1D40 = {
						CreatedOnToolsVersion = 14.2;
						TestTargetID = 1AC683D72A205D6500BA1D40;
					};
					1AC683F72A205D6A00BA1D40 = {
						CreatedOnToolsVersion = 14.2;
						TestTargetID = 1AC683D72A205D6500BA1D40;
					};
				};
			};
			buildConfigurationList = 1AC683D32A205D6500BA1D40 /* Build configuration list for PBXProject "GitHubRepo-Combine-UIKit" */;
			compatibilityVersion = "Xcode 14.0";
			developmentRegion = en;
			hasScannedForEncodings = 0;
			knownRegions = (
				en,
				Base,
			);
			mainGroup = 1AC683CF2A205D6500BA1D40;
			packageReferences = (
				1AC6840B2A20828D00BA1D40 /* XCRemoteSwiftPackageReference "SnapKit" */,
			);
			productRefGroup = 1AC683D92A205D6500BA1D40 /* Products */;
			projectDirPath = "";
			projectRoot = "";
			targets = (
				1AC683D72A205D6500BA1D40 /* GitHubRepo-Combine-UIKit */,
				1AC683ED2A205D6A00BA1D40 /* GitHubRepo-Combine-UIKitTests */,
				1AC683F72A205D6A00BA1D40 /* GitHubRepo-Combine-UIKitUITests */,
			);
		};
/* End PBXProject section */

/* Begin PBXResourcesBuildPhase section */
		1AC683D62A205D6500BA1D40 /* Resources */ = {
			isa = PBXResourcesBuildPhase;
			buildActionMask = 2147483647;
			files = (
				1AC683E82A205D6A00BA1D40 /* LaunchScreen.storyboard in Resources */,
				1AC683E52A205D6A00BA1D40 /* Assets.xcassets in Resources */,
			);
			runOnlyForDeploymentPostprocessing = 0;
		};
		1AC683EC2A205D6A00BA1D40 /* Resources */ = {
			isa = PBXResourcesBuildPhase;
			buildActionMask = 2147483647;
			files = (
			);
			runOnlyForDeploymentPostprocessing = 0;
		};
		1AC683F62A205D6A00BA1D40 /* Resources */ = {
			isa = PBXResourcesBuildPhase;
			buildActionMask = 2147483647;
			files = (
			);
			runOnlyForDeploymentPostprocessing = 0;
		};
/* End PBXResourcesBuildPhase section */

/* Begin PBXSourcesBuildPhase section */
		1AC683D42A205D6500BA1D40 /* Sources */ = {
			isa = PBXSourcesBuildPhase;
			buildActionMask = 2147483647;
			files = (
				1AC683E02A205D6500BA1D40 /* MainViewController.swift in Sources */,
				1AC683DC2A205D6500BA1D40 /* AppDelegate.swift in Sources */,
				1AC683DE2A205D6500BA1D40 /* SceneDelegate.swift in Sources */,
				1AC684112A2085BA00BA1D40 /* RepositoryCell.swift in Sources */,
			);
			runOnlyForDeploymentPostprocessing = 0;
		};
		1AC683EA2A205D6A00BA1D40 /* Sources */ = {
			isa = PBXSourcesBuildPhase;
			buildActionMask = 2147483647;
			files = (
				1AC683F32A205D6A00BA1D40 /* GitHubRepo_Combine_UIKitTests.swift in Sources */,
			);
			runOnlyForDeploymentPostprocessing = 0;
		};
		1AC683F42A205D6A00BA1D40 /* Sources */ = {
			isa = PBXSourcesBuildPhase;
			buildActionMask = 2147483647;
			files = (
				1AC683FF2A205D6A00BA1D40 /* GitHubRepo_Combine_UIKitUITestsLaunchTests.swift in Sources */,
				1AC683FD2A205D6A00BA1D40 /* GitHubRepo_Combine_UIKitUITests.swift in Sources */,
			);
			runOnlyForDeploymentPostprocessing = 0;
		};
/* End PBXSourcesBuildPhase section */

/* Begin PBXTargetDependency section */
		1AC683F02A205D6A00BA1D40 /* PBXTargetDependency */ = {
			isa = PBXTargetDependency;
			target = 1AC683D72A205D6500BA1D40 /* GitHubRepo-Combine-UIKit */;
			targetProxy = 1AC683EF2A205D6A00BA1D40 /* PBXContainerItemProxy */;
		};
		1AC683FA2A205D6A00BA1D40 /* PBXTargetDependency */ = {
			isa = PBXTargetDependency;
			target = 1AC683D72A205D6500BA1D40 /* GitHubRepo-Combine-UIKit */;
			targetProxy = 1AC683F92A205D6A00BA1D40 /* PBXContainerItemProxy */;
		};
/* End PBXTargetDependency section */

/* Begin PBXVariantGroup section */
		1AC683E62A205D6A00BA1D40 /* LaunchScreen.storyboard */ = {
			isa = PBXVariantGroup;
			children = (
				1AC683E72A205D6A00BA1D40 /* Base */,
			);
			name = LaunchScreen.storyboard;
			sourceTree = "<group>";
		};
/* End PBXVariantGroup section */

/* Begin XCBuildConfiguration section */
		1AC684002A205D6A00BA1D40 /* Debug */ = {
			isa = XCBuildConfiguration;
			buildSettings = {
				ALWAYS_SEARCH_USER_PATHS = NO;
				CLANG_ANALYZER_NONNULL = YES;
				CLANG_ANALYZER_NUMBER_OBJECT_CONVERSION = YES_AGGRESSIVE;
				CLANG_CXX_LANGUAGE_STANDARD = "gnu++20";
				CLANG_ENABLE_MODULES = YES;
				CLANG_ENABLE_OBJC_ARC = YES;
				CLANG_ENABLE_OBJC_WEAK = YES;
				CLANG_WARN_BLOCK_CAPTURE_AUTORELEASING = YES;
				CLANG_WARN_BOOL_CONVERSION = YES;
				CLANG_WARN_COMMA = YES;
				CLANG_WARN_CONSTANT_CONVERSION = YES;
				CLANG_WARN_DEPRECATED_OBJC_IMPLEMENTATIONS = YES;
				CLANG_WARN_DIRECT_OBJC_ISA_USAGE = YES_ERROR;
				CLANG_WARN_DOCUMENTATION_COMMENTS = YES;
				CLANG_WARN_EMPTY_BODY = YES;
				CLANG_WARN_ENUM_CONVERSION = YES;
				CLANG_WARN_INFINITE_RECURSION = YES;
				CLANG_WARN_INT_CONVERSION = YES;
				CLANG_WARN_NON_LITERAL_NULL_CONVERSION = YES;
				CLANG_WARN_OBJC_IMPLICIT_RETAIN_SELF = YES;
				CLANG_WARN_OBJC_LITERAL_CONVERSION = YES;
				CLANG_WARN_OBJC_ROOT_CLASS = YES_ERROR;
				CLANG_WARN_QUOTED_INCLUDE_IN_FRAMEWORK_HEADER = YES;
				CLANG_WARN_RANGE_LOOP_ANALYSIS = YES;
				CLANG_WARN_STRICT_PROTOTYPES = YES;
				CLANG_WARN_SUSPICIOUS_MOVE = YES;
				CLANG_WARN_UNGUARDED_AVAILABILITY = YES_AGGRESSIVE;
				CLANG_WARN_UNREACHABLE_CODE = YES;
				CLANG_WARN__DUPLICATE_METHOD_MATCH = YES;
				COPY_PHASE_STRIP = NO;
				DEBUG_INFORMATION_FORMAT = dwarf;
				ENABLE_STRICT_OBJC_MSGSEND = YES;
				ENABLE_TESTABILITY = YES;
				GCC_C_LANGUAGE_STANDARD = gnu11;
				GCC_DYNAMIC_NO_PIC = NO;
				GCC_NO_COMMON_BLOCKS = YES;
				GCC_OPTIMIZATION_LEVEL = 0;
				GCC_PREPROCESSOR_DEFINITIONS = (
					"DEBUG=1",
					"$(inherited)",
				);
				GCC_WARN_64_TO_32_BIT_CONVERSION = YES;
				GCC_WARN_ABOUT_RETURN_TYPE = YES_ERROR;
				GCC_WARN_UNDECLARED_SELECTOR = YES;
				GCC_WARN_UNINITIALIZED_AUTOS = YES_AGGRESSIVE;
				GCC_WARN_UNUSED_FUNCTION = YES;
				GCC_WARN_UNUSED_VARIABLE = YES;
				IPHONEOS_DEPLOYMENT_TARGET = 16.2;
				MTL_ENABLE_DEBUG_INFO = INCLUDE_SOURCE;
				MTL_FAST_MATH = YES;
				ONLY_ACTIVE_ARCH = YES;
				SDKROOT = iphoneos;
				SWIFT_ACTIVE_COMPILATION_CONDITIONS = DEBUG;
				SWIFT_OPTIMIZATION_LEVEL = "-Onone";
			};
			name = Debug;
		};
		1AC684012A205D6A00BA1D40 /* Release */ = {
			isa = XCBuildConfiguration;
			buildSettings = {
				ALWAYS_SEARCH_USER_PATHS = NO;
				CLANG_ANALYZER_NONNULL = YES;
				CLANG_ANALYZER_NUMBER_OBJECT_CONVERSION = YES_AGGRESSIVE;
				CLANG_CXX_LANGUAGE_STANDARD = "gnu++20";
				CLANG_ENABLE_MODULES = YES;
				CLANG_ENABLE_OBJC_ARC = YES;
				CLANG_ENABLE_OBJC_WEAK = YES;
				CLANG_WARN_BLOCK_CAPTURE_AUTORELEASING = YES;
				CLANG_WARN_BOOL_CONVERSION = YES;
				CLANG_WARN_COMMA = YES;
				CLANG_WARN_CONSTANT_CONVERSION = YES;
				CLANG_WARN_DEPRECATED_OBJC_IMPLEMENTATIONS = YES;
				CLANG_WARN_DIRECT_OBJC_ISA_USAGE = YES_ERROR;
				CLANG_WARN_DOCUMENTATION_COMMENTS = YES;
				CLANG_WARN_EMPTY_BODY = YES;
				CLANG_WARN_ENUM_CONVERSION = YES;
				CLANG_WARN_INFINITE_RECURSION = YES;
				CLANG_WARN_INT_CONVERSION = YES;
				CLANG_WARN_NON_LITERAL_NULL_CONVERSION = YES;
				CLANG_WARN_OBJC_IMPLICIT_RETAIN_SELF = YES;
				CLANG_WARN_OBJC_LITERAL_CONVERSION = YES;
				CLANG_WARN_OBJC_ROOT_CLASS = YES_ERROR;
				CLANG_WARN_QUOTED_INCLUDE_IN_FRAMEWORK_HEADER = YES;
				CLANG_WARN_RANGE_LOOP_ANALYSIS = YES;
				CLANG_WARN_STRICT_PROTOTYPES = YES;
				CLANG_WARN_SUSPICIOUS_MOVE = YES;
				CLANG_WARN_UNGUARDED_AVAILABILITY = YES_AGGRESSIVE;
				CLANG_WARN_UNREACHABLE_CODE = YES;
				CLANG_WARN__DUPLICATE_METHOD_MATCH = YES;
				COPY_PHASE_STRIP = NO;
				DEBUG_INFORMATION_FORMAT = "dwarf-with-dsym";
				ENABLE_NS_ASSERTIONS = NO;
				ENABLE_STRICT_OBJC_MSGSEND = YES;
				GCC_C_LANGUAGE_STANDARD = gnu11;
				GCC_NO_COMMON_BLOCKS = YES;
				GCC_WARN_64_TO_32_BIT_CONVERSION = YES;
				GCC_WARN_ABOUT_RETURN_TYPE = YES_ERROR;
				GCC_WARN_UNDECLARED_SELECTOR = YES;
				GCC_WARN_UNINITIALIZED_AUTOS = YES_AGGRESSIVE;
				GCC_WARN_UNUSED_FUNCTION = YES;
				GCC_WARN_UNUSED_VARIABLE = YES;
				IPHONEOS_DEPLOYMENT_TARGET = 16.2;
				MTL_ENABLE_DEBUG_INFO = NO;
				MTL_FAST_MATH = YES;
				SDKROOT = iphoneos;
				SWIFT_COMPILATION_MODE = wholemodule;
				SWIFT_OPTIMIZATION_LEVEL = "-O";
				VALIDATE_PRODUCT = YES;
			};
			name = Release;
		};
		1AC684032A205D6A00BA1D40 /* Debug */ = {
			isa = XCBuildConfiguration;
			buildSettings = {
				ASSETCATALOG_COMPILER_APPICON_NAME = AppIcon;
				ASSETCATALOG_COMPILER_GLOBAL_ACCENT_COLOR_NAME = AccentColor;
				CODE_SIGN_STYLE = Automatic;
				CURRENT_PROJECT_VERSION = 1;
				DEVELOPMENT_TEAM = MS9QNFCC9R;
				GENERATE_INFOPLIST_FILE = YES;
				INFOPLIST_FILE = "GitHubRepo-Combine-UIKit/Info.plist";
				INFOPLIST_KEY_UIApplicationSupportsIndirectInputEvents = YES;
				INFOPLIST_KEY_UILaunchStoryboardName = LaunchScreen;
				INFOPLIST_KEY_UISupportedInterfaceOrientations_iPad = "UIInterfaceOrientationPortrait UIInterfaceOrientationPortraitUpsideDown UIInterfaceOrientationLandscapeLeft UIInterfaceOrientationLandscapeRight";
				INFOPLIST_KEY_UISupportedInterfaceOrientations_iPhone = "UIInterfaceOrientationPortrait UIInterfaceOrientationLandscapeLeft UIInterfaceOrientationLandscapeRight";
				IPHONEOS_DEPLOYMENT_TARGET = 15.0;
				LD_RUNPATH_SEARCH_PATHS = (
					"$(inherited)",
					"@executable_path/Frameworks",
				);
				MARKETING_VERSION = 1.0;
				PRODUCT_BUNDLE_IDENTIFIER = "com.yusame.GitHubRepo-Combine-UIKit";
				PRODUCT_NAME = "$(TARGET_NAME)";
				SWIFT_EMIT_LOC_STRINGS = YES;
				SWIFT_VERSION = 5.0;
				TARGETED_DEVICE_FAMILY = "1,2";
			};
			name = Debug;
		};
		1AC684042A205D6A00BA1D40 /* Release */ = {
			isa = XCBuildConfiguration;
			buildSettings = {
				ASSETCATALOG_COMPILER_APPICON_NAME = AppIcon;
				ASSETCATALOG_COMPILER_GLOBAL_ACCENT_COLOR_NAME = AccentColor;
				CODE_SIGN_STYLE = Automatic;
				CURRENT_PROJECT_VERSION = 1;
				DEVELOPMENT_TEAM = MS9QNFCC9R;
				GENERATE_INFOPLIST_FILE = YES;
				INFOPLIST_FILE = "GitHubRepo-Combine-UIKit/Info.plist";
				INFOPLIST_KEY_UIApplicationSupportsIndirectInputEvents = YES;
				INFOPLIST_KEY_UILaunchStoryboardName = LaunchScreen;
				INFOPLIST_KEY_UISupportedInterfaceOrientations_iPad = "UIInterfaceOrientationPortrait UIInterfaceOrientationPortraitUpsideDown UIInterfaceOrientationLandscapeLeft UIInterfaceOrientationLandscapeRight";
				INFOPLIST_KEY_UISupportedInterfaceOrientations_iPhone = "UIInterfaceOrientationPortrait UIInterfaceOrientationLandscapeLeft UIInterfaceOrientationLandscapeRight";
				IPHONEOS_DEPLOYMENT_TARGET = 15.0;
				LD_RUNPATH_SEARCH_PATHS = (
					"$(inherited)",
					"@executable_path/Frameworks",
				);
				MARKETING_VERSION = 1.0;
				PRODUCT_BUNDLE_IDENTIFIER = "com.yusame.GitHubRepo-Combine-UIKit";
				PRODUCT_NAME = "$(TARGET_NAME)";
				SWIFT_EMIT_LOC_STRINGS = YES;
				SWIFT_VERSION = 5.0;
				TARGETED_DEVICE_FAMILY = "1,2";
			};
			name = Release;
		};
		1AC684062A205D6A00BA1D40 /* Debug */ = {
			isa = XCBuildConfiguration;
			buildSettings = {
				ALWAYS_EMBED_SWIFT_STANDARD_LIBRARIES = YES;
				BUNDLE_LOADER = "$(TEST_HOST)";
				CODE_SIGN_STYLE = Automatic;
				CURRENT_PROJECT_VERSION = 1;
				DEVELOPMENT_TEAM = MS9QNFCC9R;
				GENERATE_INFOPLIST_FILE = YES;
				IPHONEOS_DEPLOYMENT_TARGET = 16.2;
				MARKETING_VERSION = 1.0;
				PRODUCT_BUNDLE_IDENTIFIER = "com.yusame.GitHubRepo-Combine-UIKitTests";
				PRODUCT_NAME = "$(TARGET_NAME)";
				SWIFT_EMIT_LOC_STRINGS = NO;
				SWIFT_VERSION = 5.0;
				TARGETED_DEVICE_FAMILY = "1,2";
				TEST_HOST = "$(BUILT_PRODUCTS_DIR)/GitHubRepo-Combine-UIKit.app/$(BUNDLE_EXECUTABLE_FOLDER_PATH)/GitHubRepo-Combine-UIKit";
			};
			name = Debug;
		};
		1AC684072A205D6A00BA1D40 /* Release */ = {
			isa = XCBuildConfiguration;
			buildSettings = {
				ALWAYS_EMBED_SWIFT_STANDARD_LIBRARIES = YES;
				BUNDLE_LOADER = "$(TEST_HOST)";
				CODE_SIGN_STYLE = Automatic;
				CURRENT_PROJECT_VERSION = 1;
				DEVELOPMENT_TEAM = MS9QNFCC9R;
				GENERATE_INFOPLIST_FILE = YES;
				IPHONEOS_DEPLOYMENT_TARGET = 16.2;
				MARKETING_VERSION = 1.0;
				PRODUCT_BUNDLE_IDENTIFIER = "com.yusame.GitHubRepo-Combine-UIKitTests";
				PRODUCT_NAME = "$(TARGET_NAME)";
				SWIFT_EMIT_LOC_STRINGS = NO;
				SWIFT_VERSION = 5.0;
				TARGETED_DEVICE_FAMILY = "1,2";
				TEST_HOST = "$(BUILT_PRODUCTS_DIR)/GitHubRepo-Combine-UIKit.app/$(BUNDLE_EXECUTABLE_FOLDER_PATH)/GitHubRepo-Combine-UIKit";
			};
			name = Release;
		};
		1AC684092A205D6A00BA1D40 /* Debug */ = {
			isa = XCBuildConfiguration;
			buildSettings = {
				ALWAYS_EMBED_SWIFT_STANDARD_LIBRARIES = YES;
				CODE_SIGN_STYLE = Automatic;
				CURRENT_PROJECT_VERSION = 1;
				DEVELOPMENT_TEAM = MS9QNFCC9R;
				GENERATE_INFOPLIST_FILE = YES;
				MARKETING_VERSION = 1.0;
				PRODUCT_BUNDLE_IDENTIFIER = "com.yusame.GitHubRepo-Combine-UIKitUITests";
				PRODUCT_NAME = "$(TARGET_NAME)";
				SWIFT_EMIT_LOC_STRINGS = NO;
				SWIFT_VERSION = 5.0;
				TARGETED_DEVICE_FAMILY = "1,2";
				TEST_TARGET_NAME = "GitHubRepo-Combine-UIKit";
			};
			name = Debug;
		};
		1AC6840A2A205D6A00BA1D40 /* Release */ = {
			isa = XCBuildConfiguration;
			buildSettings = {
				ALWAYS_EMBED_SWIFT_STANDARD_LIBRARIES = YES;
				CODE_SIGN_STYLE = Automatic;
				CURRENT_PROJECT_VERSION = 1;
				DEVELOPMENT_TEAM = MS9QNFCC9R;
				GENERATE_INFOPLIST_FILE = YES;
				MARKETING_VERSION = 1.0;
				PRODUCT_BUNDLE_IDENTIFIER = "com.yusame.GitHubRepo-Combine-UIKitUITests";
				PRODUCT_NAME = "$(TARGET_NAME)";
				SWIFT_EMIT_LOC_STRINGS = NO;
				SWIFT_VERSION = 5.0;
				TARGETED_DEVICE_FAMILY = "1,2";
				TEST_TARGET_NAME = "GitHubRepo-Combine-UIKit";
			};
			name = Release;
		};
/* End XCBuildConfiguration section */

/* Begin XCConfigurationList section */
		1AC683D32A205D6500BA1D40 /* Build configuration list for PBXProject "GitHubRepo-Combine-UIKit" */ = {
			isa = XCConfigurationList;
			buildConfigurations = (
				1AC684002A205D6A00BA1D40 /* Debug */,
				1AC684012A205D6A00BA1D40 /* Release */,
			);
			defaultConfigurationIsVisible = 0;
			defaultConfigurationName = Release;
		};
		1AC684022A205D6A00BA1D40 /* Build configuration list for PBXNativeTarget "GitHubRepo-Combine-UIKit" */ = {
			isa = XCConfigurationList;
			buildConfigurations = (
				1AC684032A205D6A00BA1D40 /* Debug */,
				1AC684042A205D6A00BA1D40 /* Release */,
			);
			defaultConfigurationIsVisible = 0;
			defaultConfigurationName = Release;
		};
		1AC684052A205D6A00BA1D40 /* Build configuration list for PBXNativeTarget "GitHubRepo-Combine-UIKitTests" */ = {
			isa = XCConfigurationList;
			buildConfigurations = (
				1AC684062A205D6A00BA1D40 /* Debug */,
				1AC684072A205D6A00BA1D40 /* Release */,
			);
			defaultConfigurationIsVisible = 0;
			defaultConfigurationName = Release;
		};
		1AC684082A205D6A00BA1D40 /* Build configuration list for PBXNativeTarget "GitHubRepo-Combine-UIKitUITests" */ = {
			isa = XCConfigurationList;
			buildConfigurations = (
				1AC684092A205D6A00BA1D40 /* Debug */,
				1AC6840A2A205D6A00BA1D40 /* Release */,
			);
			defaultConfigurationIsVisible = 0;
			defaultConfigurationName = Release;
		};
/* End XCConfigurationList section */

/* Begin XCRemoteSwiftPackageReference section */
		1AC6840B2A20828D00BA1D40 /* XCRemoteSwiftPackageReference "SnapKit" */ = {
			isa = XCRemoteSwiftPackageReference;
			repositoryURL = "https://github.com/SnapKit/SnapKit.git";
			requirement = {
				kind = upToNextMajorVersion;
				minimumVersion = 5.0.0;
			};
		};
/* End XCRemoteSwiftPackageReference section */

/* Begin XCSwiftPackageProductDependency section */
		1AC6840C2A20828D00BA1D40 /* SnapKit */ = {
			isa = XCSwiftPackageProductDependency;
			package = 1AC6840B2A20828D00BA1D40 /* XCRemoteSwiftPackageReference "SnapKit" */;
			productName = SnapKit;
		};
/* End XCSwiftPackageProductDependency section */
	};
	rootObject = 1AC683D02A205D6500BA1D40 /* Project object */;
}
